
Microsoft Visual Studio Solution File, Format Version 12.00
# Visual Studio 15
Project("{FAE04EC0-301F-11D3-BF4B-00C04F79EFBC}") = "FishRider", "Assembly-CSharp.csproj", "{FF886671-AC2B-2E9B-3C0E-4F4516017F4C}"
EndProject
Global
	GlobalSection(SolutionConfigurationPlatforms) = preSolution
		Debug|Any CPU = Debug|Any CPU
		Release|Any CPU = Release|Any CPU
	EndGlobalSection
	GlobalSection(ProjectConfigurationPlatforms) = postSolution
		{FF886671-AC2B-2E9B-3C0E-4F4516017F4C}.Debug|Any CPU.ActiveCfg = Debug|Any CPU
		{FF886671-AC2B-2E9B-3C0E-4F4516017F4C}.Debug|Any CPU.Build.0 = Debug|Any CPU
		{FF886671-AC2B-2E9B-3C0E-4F4516017F4C}.Release|Any CPU.ActiveCfg = Release|Any CPU
		{FF886671-AC2B-2E9B-3C0E-4F4516017F4C}.Release|Any CPU.Build.0 = Release|Any CPU
	EndGlobalSection
	GlobalSection(SolutionProperties) = preSolution
		HideSolutionNode = FALSE
	EndGlobalSection
EndGlobal
